{
	"name": "component-library",
	"version": "0.0.1",
	"lockfileVersion": 1,
	"requires": true,
	"dependencies": {
		"@stencil/angular-output-target": {
			"version": "0.0.1",
			"resolved": "https://registry.npmjs.org/@stencil/angular-output-target/-/angular-output-target-0.0.1.tgz",
			"integrity": "sha512-kp0jZfwTq6TzV745G3IiTk0rVKgMRNWD+JU1Z23m2cCBbzaKkneZp+U8QjuEVI1Gp8UUWYI/f5fUoC+dcejEWQ==",
			"dev": true
		},
		"@stencil/core": {
			"version": "1.7.5",
			"resolved": "https://registry.npmjs.org/@stencil/core/-/core-1.7.5.tgz",
			"integrity": "sha512-VlXKeN/FAqwaZ5yVWOZB+3biwL6TBZHEN8iWJIHnM7AskKCBDSSHXktPjBOCAuO2/kB82je712GrIpqRnMJGHA==",
			"dev": true,
			"requires": {
				"typescript": "3.6.3"
			}
		},
		"@stencil/react-output-target": {
			"version": "0.0.1",
			"resolved": "https://registry.npmjs.org/@stencil/react-output-target/-/react-output-target-0.0.1.tgz",
			"integrity": "sha512-LRGafNL3qkjMsqfVIG5K+KtmrndHv9CtxK2TpV13yDAYHtntAPeJvMx8McHOjCI4CtLoKIE3TFq3k30Y4hIovw==",
			"dev": true
		},
		"@stencil/sass": {
			"version": "0.2.3",
			"resolved": "https://registry.npmjs.org/@stencil/sass/-/sass-0.2.3.tgz",
			"integrity": "sha512-JmS0HQVZ+TuBdk+kvNkDJPQYLjC/sc3Ionsbo7/MccdSu7JLikdQ4JOdQClDMdaMV2m4jqHjlQMpxMtOWLf7CQ==",
			"dev": true
		},
		"@types/node": {
			"version": "11.15.2",
			"resolved": "https://registry.npmjs.org/@types/node/-/node-11.15.2.tgz",
			"integrity": "sha512-BqCU9uIFkUH9Sgo2uLYbmIiFB1T+VBiM8AI/El3LIAI5KzwtckeSG+3WOYZr9aMoX4UIvRFBWBeSaOu6hFue2Q==",
			"dev": true
		},
		"typescript": {
			"version": "3.6.3",
			"resolved": "https://registry.npmjs.org/typescript/-/typescript-3.6.3.tgz",
			"integrity": "sha512-N7bceJL1CtRQ2RiG0AQME13ksR7DiuQh/QehubYcghzv20tnh+MQnQIuJddTmsbqYj+dztchykemz0zFzlvdQw==",
			"dev": true
		}
	}
}
